// !$*UTF8*$!
{
	archiveVersion = 1;
	classes = {
	};
	objectVersion = 50;
	objects = {

/* Begin PBXBuildFile section */
		513927BA219C5B8F00D20613 /* AppDelegate.swift in Sources */ = {isa = PBXBuildFile; fileRef = 513927B9219C5B8F00D20613 /* AppDelegate.swift */; };
		513927BC219C5B8F00D20613 /* ViewController.swift in Sources */ = {isa = PBXBuildFile; fileRef = 513927BB219C5B8F00D20613 /* ViewController.swift */; };
		513927BF219C5B8F00D20613 /* Main.storyboard in Resources */ = {isa = PBXBuildFile; fileRef = 513927BD219C5B8F00D20613 /* Main.storyboard */; };
		513927C1219C5B9000D20613 /* Assets.xcassets in Resources */ = {isa = PBXBuildFile; fileRef = 513927C0219C5B9000D20613 /* Assets.xcassets */; };
		513927C4219C5B9000D20613 /* LaunchScreen.storyboard in Resources */ = {isa = PBXBuildFile; fileRef = 513927C2219C5B9000D20613 /* LaunchScreen.storyboard */; };
		513927CE219C5FAD00D20613 /* SpeechViewController.swift in Sources */ = {isa = PBXBuildFile; fileRef = 513927CD219C5FAD00D20613 /* SpeechViewController.swift */; };
		513927D0219C5FC400D20613 /* SpeechViewController.storyboard in Resources */ = {isa = PBXBuildFile; fileRef = 513927CF219C5FC400D20613 /* SpeechViewController.storyboard */; };
/* End PBXBuildFile section */

/* Begin PBXFileReference section */
		513927B6219C5B8F00D20613 /* iossamples.app */ = {isa = PBXFileReference; explicitFileType = wrapper.application; includeInIndex = 0; path = iossamples.app; sourceTree = BUILT_PRODUCTS_DIR; };
		513927B9219C5B8F00D20613 /* AppDelegate.swift */ = {isa = PBXFileReference; lastKnownFileType = sourcecode.swift; path = AppDelegate.swift; sourceTree = "<group>"; };
		513927BB219C5B8F00D20613 /* ViewController.swift */ = {isa = PBXFileReference; lastKnownFileType = sourcecode.swift; path = ViewController.swift; sourceTree = "<group>"; };
		513927BE219C5B8F00D20613 /* Base */ = {isa = PBXFileReference; lastKnownFileType = file.storyboard; name = Base; path = Base.lproj/Main.storyboard; sourceTree = "<group>"; };
		513927C0219C5B9000D20613 /* Assets.xcassets */ = {isa = PBXFileReference; lastKnownFileType = folder.assetcatalog; path = Assets.xcassets; sourceTree = "<group>"; };
		513927C3219C5B9000D20613 /* Base */ = {isa = PBXFileReference; lastKnownFileType = file.storyboard; name = Base; path = Base.lproj/LaunchScreen.storyboard; sourceTree = "<group>"; };
		513927C5219C5B9000D20613 /* Info.plist */ = {isa = PBXFileReference; lastKnownFileType = text.plist.xml; path = Info.plist; sourceTree = "<group>"; };
		513927CD219C5FAD00D20613 /* SpeechViewController.swift */ = {isa = PBXFileReference; lastKnownFileType = sourcecode.swift; path = SpeechViewController.swift; sourceTree = "<group>"; };
		513927CF219C5FC400D20613 /* SpeechViewController.storyboard */ = {isa = PBXFileReference; lastKnownFileType = file.storyboard; path = SpeechViewController.storyboard; sourceTree = "<group>"; };
/* End PBXFileReference section */

/* Begin PBXFrameworksBuildPhase section */
		513927B3219C5B8F00D20613 /* Frameworks */ = {
			isa = PBXFrameworksBuildPhase;
			buildActionMask = 2147483647;
			files = (
			);
			runOnlyForDeploymentPostprocessing = 0;
		};
/* End PBXFrameworksBuildPhase section */

/* Begin PBXGroup section */
		513927AD219C5B8F00D20613 = {
			isa = PBXGroup;
			children = (
				513927B8219C5B8F00D20613 /* iossamples */,
				513927B7219C5B8F00D20613 /* Products */,
			);
			sourceTree = "<group>";
		};
		513927B7219C5B8F00D20613 /* Products */ = {
			isa = PBXGroup;
			children = (
				513927B6219C5B8F00D20613 /* iossamples.app */,
			);
			name = Products;
			sourceTree = "<group>";
		};
		513927B8219C5B8F00D20613 /* iossamples */ = {
			isa = PBXGroup;
			children = (
				513927CB219C5F4900D20613 /* modules */,
				513927B9219C5B8F00D20613 /* AppDelegate.swift */,
				513927BB219C5B8F00D20613 /* ViewController.swift */,
				513927BD219C5B8F00D20613 /* Main.storyboard */,
				513927C0219C5B9000D20613 /* Assets.xcassets */,
				513927C2219C5B9000D20613 /* LaunchScreen.storyboard */,
				513927C5219C5B9000D20613 /* Info.plist */,
			);
			path = iossamples;
			sourceTree = "<group>";
		};
		513927CB219C5F4900D20613 /* modules */ = {
			isa = PBXGroup;
			children = (
				513927CC219C5F5200D20613 /* speech */,
			);
			path = modules;
			sourceTree = "<group>";
		};
		513927CC219C5F5200D20613 /* speech */ = {
			isa = PBXGroup;
			children = (
				513927CD219C5FAD00D20613 /* SpeechViewController.swift */,
				513927CF219C5FC400D20613 /* SpeechViewController.storyboard */,
			);
			path = speech;
			sourceTree = "<group>";
		};
/* End PBXGroup section */

/* Begin PBXNativeTarget section */
		513927B5219C5B8F00D20613 /* iossamples */ = {
			isa = PBXNativeTarget;
			buildConfigurationList = 513927C8219C5B9000D20613 /* Build configuration list for PBXNativeTarget "iossamples" */;
			buildPhases = (
				513927B2219C5B8F00D20613 /* Sources */,
				513927B3219C5B8F00D20613 /* Frameworks */,
				513927B4219C5B8F00D20613 /* Resources */,
			);
			buildRules = (
			);
			dependencies = (
			);
			name = iossamples;
			productName = iossamples;
			productReference = 513927B6219C5B8F00D20613 /* iossamples.app */;
			productType = "com.apple.product-type.application";
		};
/* End PBXNativeTarget section */

/* Begin PBXProject section */
		513927AE219C5B8F00D20613 /* Project object */ = {
			isa = PBXProject;
			attributes = {
				LastSwiftUpdateCheck = 1010;
				LastUpgradeCheck = 1010;
				ORGANIZATIONNAME = "noboru-i";
				TargetAttributes = {
					513927B5219C5B8F00D20613 = {
						CreatedOnToolsVersion = 10.1;
					};
				};
			};
			buildConfigurationList = 513927B1219C5B8F00D20613 /* Build configuration list for PBXProject "iossamples" */;
			compatibilityVersion = "Xcode 9.3";
			developmentRegion = en;
			hasScannedForEncodings = 0;
			knownRegions = (
				en,
				Base,
			);
			mainGroup = 513927AD219C5B8F00D20613;
			productRefGroup = 513927B7219C5B8F00D20613 /* Products */;
			projectDirPath = "";
			projectRoot = "";
			targets = (
				513927B5219C5B8F00D20613 /* iossamples */,
			);
		};
/* End PBXProject section */

/* Begin PBXResourcesBuildPhase section */
		513927B4219C5B8F00D20613 /* Resources */ = {
			isa = PBXResourcesBuildPhase;
			buildActionMask = 2147483647;
			files = (
				513927C4219C5B9000D20613 /* LaunchScreen.storyboard in Resources */,
				513927D0219C5FC400D20613 /* SpeechViewController.storyboard in Resources */,
				513927C1219C5B9000D20613 /* Assets.xcassets in Resources */,
				513927BF219C5B8F00D20613 /* Main.storyboard in Resources */,
			);
			runOnlyForDeploymentPostprocessing = 0;
		};
/* End PBXResourcesBuildPhase section */

/* Begin PBXSourcesBuildPhase section */
		513927B2219C5B8F00D20613 /* Sources */ = {
			isa = PBXSourcesBuildPhase;
			buildActionMask = 2147483647;
			files = (
				513927BC219C5B8F00D20613 /* ViewController.swift in Sources */,
				513927CE219C5FAD00D20613 /* SpeechViewController.swift in Sources */,
				513927BA219C5B8F00D20613 /* AppDelegate.swift in Sources */,
			);
			runOnlyForDeploymentPostprocessing = 0;
		};
/* End PBXSourcesBuildPhase section */

/* Begin PBXVariantGroup section */
		513927BD219C5B8F00D20613 /* Main.storyboard */ = {
			isa = PBXVariantGroup;
			children = (
				513927BE219C5B8F00D20613 /* Base */,
			);
			name = Main.storyboard;
			sourceTree = "<group>";
		};
		513927C2219C5B9000D20613 /* LaunchScreen.storyboard */ = {
			isa = PBXVariantGroup;
			children = (
				513927C3219C5B9000D20613 /* Base */,
			);
			name = LaunchScreen.storyboard;
			sourceTree = "<group>";
		};
/* End PBXVariantGroup section */

/* Begin XCBuildConfiguration section */
		513927C6219C5B9000D20613 /* Debug */ = {
			isa = XCBuildConfiguration;
			buildSettings = {
				ALWAYS_SEARCH_USER_PATHS = NO;
				CLANG_ANALYZER_NONNULL = YES;
				CLANG_ANALYZER_NUMBER_OBJECT_CONVERSION = YES_AGGRESSIVE;
				CLANG_CXX_LANGUAGE_STANDARD = "gnu++14";
				CLANG_CXX_LIBRARY = "libc++";
				CLANG_ENABLE_MODULES = YES;
				CLANG_ENABLE_OBJC_ARC = YES;
				CLANG_ENABLE_OBJC_WEAK = YES;
				CLANG_WARN_BLOCK_CAPTURE_AUTORELEASING = YES;
				CLANG_WARN_BOOL_CONVERSION = YES;
				CLANG_WARN_COMMA = YES;
				CLANG_WARN_CONSTANT_CONVERSION = YES;
				CLANG_WARN_DEPRECATED_OBJC_IMPLEMENTATIONS = YES;
				CLANG_WARN_DIRECT_OBJC_ISA_USAGE = YES_ERROR;
				CLANG_WARN_DOCUMENTATION_COMMENTS = YES;
				CLANG_WARN_EMPTY_BODY = YES;
				CLANG_WARN_ENUM_CONVERSION = YES;
				CLANG_WARN_INFINITE_RECURSION = YES;
				CLANG_WARN_INT_CONVERSION = YES;
				CLANG_WARN_NON_LITERAL_NULL_CONVERSION = YES;
				CLANG_WARN_OBJC_IMPLICIT_RETAIN_SELF = YES;
				CLANG_WARN_OBJC_LITERAL_CONVERSION = YES;
				CLANG_WARN_OBJC_ROOT_CLASS = YES_ERROR;
				CLANG_WARN_RANGE_LOOP_ANALYSIS = YES;
				CLANG_WARN_STRICT_PROTOTYPES = YES;
				CLANG_WARN_SUSPICIOUS_MOVE = YES;
				CLANG_WARN_UNGUARDED_AVAILABILITY = YES_AGGRESSIVE;
				CLANG_WARN_UNREACHABLE_CODE = YES;
				CLANG_WARN__DUPLICATE_METHOD_MATCH = YES;
				CODE_SIGN_IDENTITY = "iPhone Developer";
				COPY_PHASE_STRIP = NO;
				DEBUG_INFORMATION_FORMAT = dwarf;
				ENABLE_STRICT_OBJC_MSGSEND = YES;
				ENABLE_TESTABILITY = YES;
				GCC_C_LANGUAGE_STANDARD = gnu11;
				GCC_DYNAMIC_NO_PIC = NO;
				GCC_NO_COMMON_BLOCKS = YES;
				GCC_OPTIMIZATION_LEVEL = 0;
				GCC_PREPROCESSOR_DEFINITIONS = (
					"DEBUG=1",
					"$(inherited)",
				);
				GCC_WARN_64_TO_32_BIT_CONVERSION = YES;
				GCC_WARN_ABOUT_RETURN_TYPE = YES_ERROR;
				GCC_WARN_UNDECLARED_SELECTOR = YES;
				GCC_WARN_UNINITIALIZED_AUTOS = YES_AGGRESSIVE;
				GCC_WARN_UNUSED_FUNCTION = YES;
				GCC_WARN_UNUSED_VARIABLE = YES;
				IPHONEOS_DEPLOYMENT_TARGET = 12.1;
				MTL_ENABLE_DEBUG_INFO = INCLUDE_SOURCE;
				MTL_FAST_MATH = YES;
				ONLY_ACTIVE_ARCH = YES;
				SDKROOT = iphoneos;
				SWIFT_ACTIVE_COMPILATION_CONDITIONS = DEBUG;
				SWIFT_OPTIMIZATION_LEVEL = "-Onone";
			};
			name = Debug;
		};
		513927C7219C5B9000D20613 /* Release */ = {
			isa = XCBuildConfiguration;
			buildSettings = {
				ALWAYS_SEARCH_USER_PATHS = NO;
				CLANG_ANALYZER_NONNULL = YES;
				CLANG_ANALYZER_NUMBER_OBJECT_CONVERSION = YES_AGGRESSIVE;
				CLANG_CXX_LANGUAGE_STANDARD = "gnu++14";
				CLANG_CXX_LIBRARY = "libc++";
				CLANG_ENABLE_MODULES = YES;
				CLANG_ENABLE_OBJC_ARC = YES;
				CLANG_ENABLE_OBJC_WEAK = YES;
				CLANG_WARN_BLOCK_CAPTURE_AUTORELEASING = YES;
				CLANG_WARN_BOOL_CONVERSION = YES;
				CLANG_WARN_COMMA = YES;
				CLANG_WARN_CONSTANT_CONVERSION = YES;
				CLANG_WARN_DEPRECATED_OBJC_IMPLEMENTATIONS = YES;
				CLANG_WARN_DIRECT_OBJC_ISA_USAGE = YES_ERROR;
				CLANG_WARN_DOCUMENTATION_COMMENTS = YES;
				CLANG_WARN_EMPTY_BODY = YES;
				CLANG_WARN_ENUM_CONVERSION = YES;
				CLANG_WARN_INFINITE_RECURSION = YES;
				CLANG_WARN_INT_CONVERSION = YES;
				CLANG_WARN_NON_LITERAL_NULL_CONVERSION = YES;
				CLANG_WARN_OBJC_IMPLICIT_RETAIN_SELF = YES;
				CLANG_WARN_OBJC_LITERAL_CONVERSION = YES;
				CLANG_WARN_OBJC_ROOT_CLASS = YES_ERROR;
				CLANG_WARN_RANGE_LOOP_ANALYSIS = YES;
				CLANG_WARN_STRICT_PROTOTYPES = YES;
				CLANG_WARN_SUSPICIOUS_MOVE = YES;
				CLANG_WARN_UNGUARDED_AVAILABILITY = YES_AGGRESSIVE;
				CLANG_WARN_UNREACHABLE_CODE = YES;
				CLANG_WARN__DUPLICATE_METHOD_MATCH = YES;
				CODE_SIGN_IDENTITY = "iPhone Developer";
				COPY_PHASE_STRIP = NO;
				DEBUG_INFORMATION_FORMAT = "dwarf-with-dsym";
				ENABLE_NS_ASSERTIONS = NO;
				ENABLE_STRICT_OBJC_MSGSEND = YES;
				GCC_C_LANGUAGE_STANDARD = gnu11;
				GCC_NO_COMMON_BLOCKS = YES;
				GCC_WARN_64_TO_32_BIT_CONVERSION = YES;
				GCC_WARN_ABOUT_RETURN_TYPE = YES_ERROR;
				GCC_WARN_UNDECLARED_SELECTOR = YES;
				GCC_WARN_UNINITIALIZED_AUTOS = YES_AGGRESSIVE;
				GCC_WARN_UNUSED_FUNCTION = YES;
				GCC_WARN_UNUSED_VARIABLE = YES;
				IPHONEOS_DEPLOYMENT_TARGET = 12.1;
				MTL_ENABLE_DEBUG_INFO = NO;
				MTL_FAST_MATH = YES;
				SDKROOT = iphoneos;
				SWIFT_COMPILATION_MODE = wholemodule;
				SWIFT_OPTIMIZATION_LEVEL = "-O";
				VALIDATE_PRODUCT = YES;
			};
			name = Release;
		};
		513927C9219C5B9000D20613 /* Debug */ = {
			isa = XCBuildConfiguration;
			buildSettings = {
				ASSETCATALOG_COMPILER_APPICON_NAME = AppIcon;
				CODE_SIGN_STYLE = Automatic;
				INFOPLIST_FILE = iossamples/Info.plist;
				LD_RUNPATH_SEARCH_PATHS = (
					"$(inherited)",
					"@executable_path/Frameworks",
				);
				PRODUCT_BUNDLE_IDENTIFIER = hm.orz.chaos114.iossamples;
				PRODUCT_NAME = "$(TARGET_NAME)";
				SWIFT_VERSION = 4.2;
				TARGETED_DEVICE_FAMILY = "1,2";
			};
			name = Debug;
		};
		513927CA219C5B9000D20613 /* Release */ = {
			isa = XCBuildConfiguration;
			buildSettings = {
				ASSETCATALOG_COMPILER_APPICON_NAME = AppIcon;
				CODE_SIGN_STYLE = Automatic;
				INFOPLIST_FILE = iossamples/Info.plist;
				LD_RUNPATH_SEARCH_PATHS = (
					"$(inherited)",
					"@executable_path/Frameworks",
				);
				PRODUCT_BUNDLE_IDENTIFIER = hm.orz.chaos114.iossamples;
				PRODUCT_NAME = "$(TARGET_NAME)";
				SWIFT_VERSION = 4.2;
				TARGETED_DEVICE_FAMILY = "1,2";
			};
			name = Release;
		};
/* End XCBuildConfiguration section */

/* Begin XCConfigurationList section */
		513927B1219C5B8F00D20613 /* Build configuration list for PBXProject "iossamples" */ = {
			isa = XCConfigurationList;
			buildConfigurations = (
				513927C6219C5B9000D20613 /* Debug */,
				513927C7219C5B9000D20613 /* Release */,
			);
			defaultConfigurationIsVisible = 0;
			defaultConfigurationName = Release;
		};
		513927C8219C5B9000D20613 /* Build configuration list for PBXNativeTarget "iossamples" */ = {
			isa = XCConfigurationList;
			buildConfigurations = (
				513927C9219C5B9000D20613 /* Debug */,
				513927CA219C5B9000D20613 /* Release */,
			);
			defaultConfigurationIsVisible = 0;
			defaultConfigurationName = Release;
		};
/* End XCConfigurationList section */
	};
	rootObject = 513927AE219C5B8F00D20613 /* Project object */;
}
